<?xml version="1.0" encoding="utf-8"?>
<Project ToolsVersion="4.0" xmlns="http://schemas.microsoft.com/developer/msbuild/2003">
  <ItemGroup>
    <Filter Include="Source Files">
      <UniqueIdentifier>{4FC737F1-C7A5-4376-A066-2A32D752A2FF}</UniqueIdentifier>
      <Extensions>cpp;c;cc;cxx;c++;cppm;ixx;def;odl;idl;hpj;bat;asm;asmx</Extensions>
    </Filter>
    <Filter Include="Header Files">
      <UniqueIdentifier>{93995380-89BD-4b04-88EB-625FBE52EBFB}</UniqueIdentifier>
      <Extensions>h;hh;hpp;hxx;h++;hm;inl;inc;ipp;xsd</Extensions>
    </Filter>
    <Filter Include="Resource Files">
      <UniqueIdentifier>{67DA6AB6-F800-4c08-8B7A-83BB121AAD01}</UniqueIdentifier>
      <Extensions>rc;ico;cur;bmp;dlg;rc2;rct;bin;rgs;gif;jpg;jpeg;jpe;resx;tiff;tif;png;wav;mfcribbon-ms</Extensions>
    </Filter>
    <Filter Include="Header Files\Supplier">
      <UniqueIdentifier>{6d8724af-11b0-4307-8f88-c35ad98e9861}</UniqueIdentifier>
    </Filter>
    <Filter Include="Header Files\Source">
      <UniqueIdentifier>{133dc157-6d16-443e-a678-aac4badcbde5}</UniqueIdentifier>
    </Filter>
    <Filter Include="Header Files\Util">
      <UniqueIdentifier>{b26254b4-6bb8-4cff-aee9-4199325eefed}</UniqueIdentifier>
    </Filter>
    <Filter Include="Header Files\Token">
      <UniqueIdentifier>{6fc1c8c6-fded-45fc-8f33-5c081bbf4b8e}</UniqueIdentifier>
    </Filter>
  </ItemGroup>
  <ItemGroup>
    <ClCompile Include="FlockCompilerCpp.cpp">
      <Filter>Source Files</Filter>
    </ClCompile>
    <ClCompile Include="Source.cpp">
      <Filter>Source Files</Filter>
    </ClCompile>
    <ClCompile Include="old_Tokenizer.cpp">
      <Filter>Source Files</Filter>
    </ClCompile>
  </ItemGroup>
  <ItemGroup>
    <None Include="packages.config" />
    <None Include="README.md">
      <Filter>Resource Files</Filter>
    </None>
    <None Include=".gitignore">
      <Filter>Resource Files</Filter>
    </None>
    <None Include=".gitattributes">
      <Filter>Resource Files</Filter>
    </None>
    <None Include="LICENSE">
      <Filter>Resource Files</Filter>
    </None>
    <None Include="FlockCompilerCpp.licenseheader" />
  </ItemGroup>
  <ItemGroup>
    <ClInclude Include="old_Tokenizer.h">
      <Filter>Header Files</Filter>
    </ClInclude>
    <ClInclude Include="Supplier.h">
      <Filter>Header Files\Supplier</Filter>
    </ClInclude>
    <ClInclude Include="LocationSupplier.h">
      <Filter>Header Files\Supplier</Filter>
    </ClInclude>
    <ClInclude Include="Source.h">
      <Filter>Header Files\Source</Filter>
    </ClInclude>
    <ClInclude Include="Util.h">
      <Filter>Header Files\Util</Filter>
    </ClInclude>
    <ClInclude Include="CompilerFix.h">
      <Filter>Header Files\Util</Filter>
    </ClInclude>
    <ClInclude Include="CachedSupplier.h">
      <Filter>Header Files\Supplier</Filter>
    </ClInclude>
    <ClInclude Include="FileCharSupplier.h">
      <Filter>Header Files\Supplier</Filter>
    </ClInclude>
    <ClInclude Include="ConsoleCharSupplier.h">
      <Filter>Header Files\Supplier</Filter>
    </ClInclude>
    <ClInclude Include="Token.h">
      <Filter>Header Files\Token</Filter>
    </ClInclude>
    <ClInclude Include="RawToken.h">
      <Filter>Header Files\Token</Filter>
    </ClInclude>
  </ItemGroup>
</Project>