<?xml version="1.0" encoding="utf-8"?>
<Project ToolsVersion="4.0" xmlns="http://schemas.microsoft.com/developer/msbuild/2003">
  <ItemGroup>
    <Filter Include="Source Files">
      <UniqueIdentifier>{4FC737F1-C7A5-4376-A066-2A32D752A2FF}</UniqueIdentifier>
      <Extensions>cpp;c;cc;cxx;c++;cppm;ixx;def;odl;idl;hpj;bat;asm;asmx</Extensions>
    </Filter>
    <Filter Include="Header Files">
      <UniqueIdentifier>{93995380-89BD-4b04-88EB-625FBE52EBFB}</UniqueIdentifier>
      <Extensions>h;hh;hpp;hxx;h++;hm;inl;inc;ipp;xsd</Extensions>
    </Filter>
    <Filter Include="Resource Files">
      <UniqueIdentifier>{67DA6AB6-F800-4c08-8B7A-83BB121AAD01}</UniqueIdentifier>
      <Extensions>rc;ico;cur;bmp;dlg;rc2;rct;bin;rgs;gif;jpg;jpeg;jpe;resx;tiff;tif;png;wav;mfcribbon-ms</Extensions>
    </Filter>
    <Filter Include="Header Files\Supplier">
      <UniqueIdentifier>{6d8724af-11b0-4307-8f88-c35ad98e9861}</UniqueIdentifier>
    </Filter>
    <Filter Include="Header Files\Source">
      <UniqueIdentifier>{133dc157-6d16-443e-a678-aac4badcbde5}</UniqueIdentifier>
    </Filter>
    <Filter Include="Header Files\Util">
      <UniqueIdentifier>{b26254b4-6bb8-4cff-aee9-4199325eefed}</UniqueIdentifier>
    </Filter>
    <Filter Include="Header Files\Token">
      <UniqueIdentifier>{6fc1c8c6-fded-45fc-8f33-5c081bbf4b8e}</UniqueIdentifier>
    </Filter>
    <Filter Include="Header Files\AST">
      <UniqueIdentifier>{b1b781ea-ce82-439f-833c-4cf550a88706}</UniqueIdentifier>
    </Filter>
    <Filter Include="Header Files\EBNF">
      <UniqueIdentifier>{b9a1e4cc-1057-463f-8d7d-62fe31988a89}</UniqueIdentifier>
    </Filter>
    <Filter Include="grammers">
      <UniqueIdentifier>{894a31a7-e4f2-434e-b0db-e9f7f1befd58}</UniqueIdentifier>
    </Filter>
    <Filter Include="Header Files\Visitor">
      <UniqueIdentifier>{c3195ab7-72d5-4132-a654-4cd351185728}</UniqueIdentifier>
    </Filter>
    <Filter Include="Header Files\Rules">
      <UniqueIdentifier>{c5130bae-e72d-4218-a881-bce8dd1c35e6}</UniqueIdentifier>
    </Filter>
    <Filter Include="Header Files\Rules\EBNF">
      <UniqueIdentifier>{b6bfa2b4-7406-487c-97f4-c833d15e2812}</UniqueIdentifier>
    </Filter>
  </ItemGroup>
  <ItemGroup>
    <ClCompile Include="FlockCompilerCpp.cpp">
      <Filter>Source Files</Filter>
    </ClCompile>
    <ClCompile Include="Rules.cpp">
      <Filter>Source Files</Filter>
    </ClCompile>
  </ItemGroup>
  <ItemGroup>
    <None Include="packages.config" />
    <None Include="README.md">
      <Filter>Resource Files</Filter>
    </None>
    <None Include=".gitignore">
      <Filter>Resource Files</Filter>
    </None>
    <None Include=".gitattributes">
      <Filter>Resource Files</Filter>
    </None>
    <None Include="LICENSE">
      <Filter>Resource Files</Filter>
    </None>
    <None Include="FlockCompilerCpp.licenseheader" />
    <None Include="Text.ebnf">
      <Filter>grammers</Filter>
    </None>
  </ItemGroup>
  <ItemGroup>
    <ClInclude Include="Supplier.h">
      <Filter>Header Files\Supplier</Filter>
    </ClInclude>
    <ClInclude Include="LocationSupplier.h">
      <Filter>Header Files\Supplier</Filter>
    </ClInclude>
    <ClInclude Include="Source.h">
      <Filter>Header Files\Source</Filter>
    </ClInclude>
    <ClInclude Include="Util.h">
      <Filter>Header Files\Util</Filter>
    </ClInclude>
    <ClInclude Include="CompilerFix.h">
      <Filter>Header Files\Util</Filter>
    </ClInclude>
    <ClInclude Include="CachedSupplier.h">
      <Filter>Header Files\Supplier</Filter>
    </ClInclude>
    <ClInclude Include="FileCharSupplier.h">
      <Filter>Header Files\Supplier</Filter>
    </ClInclude>
    <ClInclude Include="ConsoleCharSupplier.h">
      <Filter>Header Files\Supplier</Filter>
    </ClInclude>
    <ClInclude Include="AST.h">
      <Filter>Header Files\AST</Filter>
    </ClInclude>
    <ClInclude Include="Parser.h">
      <Filter>Header Files\AST</Filter>
    </ClInclude>
    <ClInclude Include="FlockGrammar.h">
      <Filter>Header Files\AST</Filter>
    </ClInclude>
    <ClInclude Include="ConsoleFormat.h">
      <Filter>Header Files\Util</Filter>
    </ClInclude>
    <ClInclude Include="RuleTypes.h">
      <Filter>Header Files\EBNF</Filter>
    </ClInclude>
    <ClInclude Include="resource.h">
      <Filter>Header Files</Filter>
    </ClInclude>
    <ClInclude Include="RuleFunctions.h">
      <Filter>Header Files\EBNF</Filter>
    </ClInclude>
    <ClInclude Include="IDCounter.h">
      <Filter>Header Files\Util</Filter>
    </ClInclude>
    <ClInclude Include="Rules.h">
      <Filter>Header Files\Rules</Filter>
    </ClInclude>
    <ClInclude Include="LogicRules.h">
      <Filter>Header Files\Rules</Filter>
    </ClInclude>
    <ClInclude Include="StringRules.h">
      <Filter>Header Files\Rules</Filter>
    </ClInclude>
    <ClInclude Include="RuleHistory.h">
      <Filter>Header Files\Rules</Filter>
    </ClInclude>
    <ClInclude Include="EBNFRulePrinter.h">
      <Filter>Header Files\Rules\EBNF</Filter>
    </ClInclude>
  </ItemGroup>
  <ItemGroup>
    <ResourceCompile Include="FlockCompilerCpp.rc">
      <Filter>Resource Files</Filter>
    </ResourceCompile>
  </ItemGroup>
</Project>